
Microsoft Visual Studio Solution File, Format Version 12.00
# Visual Studio Version 17
VisualStudioVersion = 17.2.32630.192
MinimumVisualStudioVersion = 10.0.40219.1
Project("{9A19103F-16F7-4668-BE54-9A1E7A4F7556}") = "MensSection.Api", "MensSection.Api.csproj", "{39DF34F0-F596-4849-8D9F-1BEBFF96BF78}"
EndProject
Project("{00D1A9C2-B5F0-4AF3-8072-F6C62B433612}") = "MensSection.Database", "..\MensSection.Database\MensSection.Database.sqlproj", "{6DE25C47-507D-4FF0-8BFA-6FCBEF75EACD}"
EndProject
Global
	GlobalSection(SolutionConfigurationPlatforms) = preSolution
		Debug|Any CPU = Debug|Any CPU
		Release|Any CPU = Release|Any CPU
	EndGlobalSection
	GlobalSection(ProjectConfigurationPlatforms) = postSolution
		{39DF34F0-F596-4849-8D9F-1BEBFF96BF78}.Debug|Any CPU.ActiveCfg = Debug|Any CPU
		{39DF34F0-F596-4849-8D9F-1BEBFF96BF78}.Debug|Any CPU.Build.0 = Debug|Any CPU
		{39DF34F0-F596-4849-8D9F-1BEBFF96BF78}.Release|Any CPU.ActiveCfg = Release|Any CPU
		{39DF34F0-F596-4849-8D9F-1BEBFF96BF78}.Release|Any CPU.Build.0 = Release|Any CPU
		{6DE25C47-507D-4FF0-8BFA-6FCBEF75EACD}.Debug|Any CPU.ActiveCfg = Debug|Any CPU
		{6DE25C47-507D-4FF0-8BFA-6FCBEF75EACD}.Debug|Any CPU.Build.0 = Debug|Any CPU
		{6DE25C47-507D-4FF0-8BFA-6FCBEF75EACD}.Debug|Any CPU.Deploy.0 = Debug|Any CPU
		{6DE25C47-507D-4FF0-8BFA-6FCBEF75EACD}.Release|Any CPU.ActiveCfg = Release|Any CPU
		{6DE25C47-507D-4FF0-8BFA-6FCBEF75EACD}.Release|Any CPU.Build.0 = Release|Any CPU
		{6DE25C47-507D-4FF0-8BFA-6FCBEF75EACD}.Release|Any CPU.Deploy.0 = Release|Any CPU
	EndGlobalSection
	GlobalSection(SolutionProperties) = preSolution
		HideSolutionNode = FALSE
	EndGlobalSection
	GlobalSection(ExtensibilityGlobals) = postSolution
		SolutionGuid = {93DA9639-6E88-44DD-BB76-5FF5A98EB13E}
	EndGlobalSection
EndGlobal
